
Microsoft Visual Studio Solution File, Format Version 12.00
# Visual Studio 15
VisualStudioVersion = 15.0.26430.13
MinimumVisualStudioVersion = 10.0.40219.1
Project("{FAE04EC0-301F-11D3-BF4B-00C04F79EFBC}") = "Project.Domain", "Project.Domain\Project.Domain.csproj", "{735CAAF9-9A4F-417D-89A3-D3094F4EF21D}"
EndProject
Project("{FAE04EC0-301F-11D3-BF4B-00C04F79EFBC}") = "Project.Http", "Project.Http\Project.Http.csproj", "{A5392DFC-3711-47DE-8DDC-EF5399D37E5E}"
EndProject
Project("{FAE04EC0-301F-11D3-BF4B-00C04F79EFBC}") = "Project.UI", "Project.UI\Project.UI.csproj", "{5C3FAB11-2528-4307-9C17-8F067561B71F}"
EndProject
Project("{FAE04EC0-301F-11D3-BF4B-00C04F79EFBC}") = "Project.Test", "Project.Test\Project.Test.csproj", "{18E6EC9B-92EC-40B3-9545-1F428AD18E98}"
EndProject
Project("{262852C6-CD72-467D-83FE-5EEB1973A190}") = "Project.Mobile", "Project.Mobile\Project.Mobile.jsproj", "{3B10E434-1A18-4819-8C9E-51550D43AC05}"
EndProject
Global
	GlobalSection(SolutionConfigurationPlatforms) = preSolution
		Debug|Android = Debug|Android
		Debug|Any CPU = Debug|Any CPU
		Debug|iOS = Debug|iOS
		Debug|Windows-ARM = Debug|Windows-ARM
		Debug|Windows-x64 = Debug|Windows-x64
		Debug|Windows-x86 = Debug|Windows-x86
		Release|Android = Release|Android
		Release|Any CPU = Release|Any CPU
		Release|iOS = Release|iOS
		Release|Windows-ARM = Release|Windows-ARM
		Release|Windows-x64 = Release|Windows-x64
		Release|Windows-x86 = Release|Windows-x86
	EndGlobalSection
	GlobalSection(ProjectConfigurationPlatforms) = postSolution
		{735CAAF9-9A4F-417D-89A3-D3094F4EF21D}.Debug|Android.ActiveCfg = Debug|Any CPU
		{735CAAF9-9A4F-417D-89A3-D3094F4EF21D}.Debug|Android.Build.0 = Debug|Any CPU
		{735CAAF9-9A4F-417D-89A3-D3094F4EF21D}.Debug|Any CPU.ActiveCfg = Debug|Any CPU
		{735CAAF9-9A4F-417D-89A3-D3094F4EF21D}.Debug|Any CPU.Build.0 = Debug|Any CPU
		{735CAAF9-9A4F-417D-89A3-D3094F4EF21D}.Debug|iOS.ActiveCfg = Debug|Any CPU
		{735CAAF9-9A4F-417D-89A3-D3094F4EF21D}.Debug|iOS.Build.0 = Debug|Any CPU
		{735CAAF9-9A4F-417D-89A3-D3094F4EF21D}.Debug|Windows-ARM.ActiveCfg = Debug|Any CPU
		{735CAAF9-9A4F-417D-89A3-D3094F4EF21D}.Debug|Windows-ARM.Build.0 = Debug|Any CPU
		{735CAAF9-9A4F-417D-89A3-D3094F4EF21D}.Debug|Windows-x64.ActiveCfg = Debug|Any CPU
		{735CAAF9-9A4F-417D-89A3-D3094F4EF21D}.Debug|Windows-x64.Build.0 = Debug|Any CPU
		{735CAAF9-9A4F-417D-89A3-D3094F4EF21D}.Debug|Windows-x86.ActiveCfg = Debug|Any CPU
		{735CAAF9-9A4F-417D-89A3-D3094F4EF21D}.Debug|Windows-x86.Build.0 = Debug|Any CPU
		{735CAAF9-9A4F-417D-89A3-D3094F4EF21D}.Release|Android.ActiveCfg = Release|Any CPU
		{735CAAF9-9A4F-417D-89A3-D3094F4EF21D}.Release|Android.Build.0 = Release|Any CPU
		{735CAAF9-9A4F-417D-89A3-D3094F4EF21D}.Release|Any CPU.ActiveCfg = Release|Any CPU
		{735CAAF9-9A4F-417D-89A3-D3094F4EF21D}.Release|Any CPU.Build.0 = Release|Any CPU
		{735CAAF9-9A4F-417D-89A3-D3094F4EF21D}.Release|iOS.ActiveCfg = Release|Any CPU
		{735CAAF9-9A4F-417D-89A3-D3094F4EF21D}.Release|iOS.Build.0 = Release|Any CPU
		{735CAAF9-9A4F-417D-89A3-D3094F4EF21D}.Release|Windows-ARM.ActiveCfg = Release|Any CPU
		{735CAAF9-9A4F-417D-89A3-D3094F4EF21D}.Release|Windows-ARM.Build.0 = Release|Any CPU
		{735CAAF9-9A4F-417D-89A3-D3094F4EF21D}.Release|Windows-x64.ActiveCfg = Release|Any CPU
		{735CAAF9-9A4F-417D-89A3-D3094F4EF21D}.Release|Windows-x64.Build.0 = Release|Any CPU
		{735CAAF9-9A4F-417D-89A3-D3094F4EF21D}.Release|Windows-x86.ActiveCfg = Release|Any CPU
		{735CAAF9-9A4F-417D-89A3-D3094F4EF21D}.Release|Windows-x86.Build.0 = Release|Any CPU
		{A5392DFC-3711-47DE-8DDC-EF5399D37E5E}.Debug|Android.ActiveCfg = Debug|Any CPU
		{A5392DFC-3711-47DE-8DDC-EF5399D37E5E}.Debug|Android.Build.0 = Debug|Any CPU
		{A5392DFC-3711-47DE-8DDC-EF5399D37E5E}.Debug|Any CPU.ActiveCfg = Debug|Any CPU
		{A5392DFC-3711-47DE-8DDC-EF5399D37E5E}.Debug|Any CPU.Build.0 = Debug|Any CPU
		{A5392DFC-3711-47DE-8DDC-EF5399D37E5E}.Debug|iOS.ActiveCfg = Debug|Any CPU
		{A5392DFC-3711-47DE-8DDC-EF5399D37E5E}.Debug|iOS.Build.0 = Debug|Any CPU
		{A5392DFC-3711-47DE-8DDC-EF5399D37E5E}.Debug|Windows-ARM.ActiveCfg = Debug|Any CPU
		{A5392DFC-3711-47DE-8DDC-EF5399D37E5E}.Debug|Windows-ARM.Build.0 = Debug|Any CPU
		{A5392DFC-3711-47DE-8DDC-EF5399D37E5E}.Debug|Windows-x64.ActiveCfg = Debug|Any CPU
		{A5392DFC-3711-47DE-8DDC-EF5399D37E5E}.Debug|Windows-x64.Build.0 = Debug|Any CPU
		{A5392DFC-3711-47DE-8DDC-EF5399D37E5E}.Debug|Windows-x86.ActiveCfg = Debug|Any CPU
		{A5392DFC-3711-47DE-8DDC-EF5399D37E5E}.Debug|Windows-x86.Build.0 = Debug|Any CPU
		{A5392DFC-3711-47DE-8DDC-EF5399D37E5E}.Release|Android.ActiveCfg = Release|Any CPU
		{A5392DFC-3711-47DE-8DDC-EF5399D37E5E}.Release|Android.Build.0 = Release|Any CPU
		{A5392DFC-3711-47DE-8DDC-EF5399D37E5E}.Release|Any CPU.ActiveCfg = Release|Any CPU
		{A5392DFC-3711-47DE-8DDC-EF5399D37E5E}.Release|Any CPU.Build.0 = Release|Any CPU
		{A5392DFC-3711-47DE-8DDC-EF5399D37E5E}.Release|iOS.ActiveCfg = Release|Any CPU
		{A5392DFC-3711-47DE-8DDC-EF5399D37E5E}.Release|iOS.Build.0 = Release|Any CPU
		{A5392DFC-3711-47DE-8DDC-EF5399D37E5E}.Release|Windows-ARM.ActiveCfg = Release|Any CPU
		{A5392DFC-3711-47DE-8DDC-EF5399D37E5E}.Release|Windows-ARM.Build.0 = Release|Any CPU
		{A5392DFC-3711-47DE-8DDC-EF5399D37E5E}.Release|Windows-x64.ActiveCfg = Release|Any CPU
		{A5392DFC-3711-47DE-8DDC-EF5399D37E5E}.Release|Windows-x64.Build.0 = Release|Any CPU
		{A5392DFC-3711-47DE-8DDC-EF5399D37E5E}.Release|Windows-x86.ActiveCfg = Release|Any CPU
		{A5392DFC-3711-47DE-8DDC-EF5399D37E5E}.Release|Windows-x86.Build.0 = Release|Any CPU
		{5C3FAB11-2528-4307-9C17-8F067561B71F}.Debug|Android.ActiveCfg = Debug|Any CPU
		{5C3FAB11-2528-4307-9C17-8F067561B71F}.Debug|Android.Build.0 = Debug|Any CPU
		{5C3FAB11-2528-4307-9C17-8F067561B71F}.Debug|Any CPU.ActiveCfg = Debug|Any CPU
		{5C3FAB11-2528-4307-9C17-8F067561B71F}.Debug|Any CPU.Build.0 = Debug|Any CPU
		{5C3FAB11-2528-4307-9C17-8F067561B71F}.Debug|iOS.ActiveCfg = Debug|Any CPU
		{5C3FAB11-2528-4307-9C17-8F067561B71F}.Debug|iOS.Build.0 = Debug|Any CPU
		{5C3FAB11-2528-4307-9C17-8F067561B71F}.Debug|Windows-ARM.ActiveCfg = Debug|Any CPU
		{5C3FAB11-2528-4307-9C17-8F067561B71F}.Debug|Windows-ARM.Build.0 = Debug|Any CPU
		{5C3FAB11-2528-4307-9C17-8F067561B71F}.Debug|Windows-x64.ActiveCfg = Debug|Any CPU
		{5C3FAB11-2528-4307-9C17-8F067561B71F}.Debug|Windows-x64.Build.0 = Debug|Any CPU
		{5C3FAB11-2528-4307-9C17-8F067561B71F}.Debug|Windows-x86.ActiveCfg = Debug|Any CPU
		{5C3FAB11-2528-4307-9C17-8F067561B71F}.Debug|Windows-x86.Build.0 = Debug|Any CPU
		{5C3FAB11-2528-4307-9C17-8F067561B71F}.Release|Android.ActiveCfg = Release|Any CPU
		{5C3FAB11-2528-4307-9C17-8F067561B71F}.Release|Android.Build.0 = Release|Any CPU
		{5C3FAB11-2528-4307-9C17-8F067561B71F}.Release|Any CPU.ActiveCfg = Release|Any CPU
		{5C3FAB11-2528-4307-9C17-8F067561B71F}.Release|Any CPU.Build.0 = Release|Any CPU
		{5C3FAB11-2528-4307-9C17-8F067561B71F}.Release|iOS.ActiveCfg = Release|Any CPU
		{5C3FAB11-2528-4307-9C17-8F067561B71F}.Release|iOS.Build.0 = Release|Any CPU
		{5C3FAB11-2528-4307-9C17-8F067561B71F}.Release|Windows-ARM.ActiveCfg = Release|Any CPU
		{5C3FAB11-2528-4307-9C17-8F067561B71F}.Release|Windows-ARM.Build.0 = Release|Any CPU
		{5C3FAB11-2528-4307-9C17-8F067561B71F}.Release|Windows-x64.ActiveCfg = Release|Any CPU
		{5C3FAB11-2528-4307-9C17-8F067561B71F}.Release|Windows-x64.Build.0 = Release|Any CPU
		{5C3FAB11-2528-4307-9C17-8F067561B71F}.Release|Windows-x86.ActiveCfg = Release|Any CPU
		{5C3FAB11-2528-4307-9C17-8F067561B71F}.Release|Windows-x86.Build.0 = Release|Any CPU
		{18E6EC9B-92EC-40B3-9545-1F428AD18E98}.Debug|Android.ActiveCfg = Debug|Any CPU
		{18E6EC9B-92EC-40B3-9545-1F428AD18E98}.Debug|Android.Build.0 = Debug|Any CPU
		{18E6EC9B-92EC-40B3-9545-1F428AD18E98}.Debug|Any CPU.ActiveCfg = Debug|Any CPU
		{18E6EC9B-92EC-40B3-9545-1F428AD18E98}.Debug|Any CPU.Build.0 = Debug|Any CPU
		{18E6EC9B-92EC-40B3-9545-1F428AD18E98}.Debug|iOS.ActiveCfg = Debug|Any CPU
		{18E6EC9B-92EC-40B3-9545-1F428AD18E98}.Debug|iOS.Build.0 = Debug|Any CPU
		{18E6EC9B-92EC-40B3-9545-1F428AD18E98}.Debug|Windows-ARM.ActiveCfg = Debug|Any CPU
		{18E6EC9B-92EC-40B3-9545-1F428AD18E98}.Debug|Windows-ARM.Build.0 = Debug|Any CPU
		{18E6EC9B-92EC-40B3-9545-1F428AD18E98}.Debug|Windows-x64.ActiveCfg = Debug|Any CPU
		{18E6EC9B-92EC-40B3-9545-1F428AD18E98}.Debug|Windows-x64.Build.0 = Debug|Any CPU
		{18E6EC9B-92EC-40B3-9545-1F428AD18E98}.Debug|Windows-x86.ActiveCfg = Debug|Any CPU
		{18E6EC9B-92EC-40B3-9545-1F428AD18E98}.Debug|Windows-x86.Build.0 = Debug|Any CPU
		{18E6EC9B-92EC-40B3-9545-1F428AD18E98}.Release|Android.ActiveCfg = Release|Any CPU
		{18E6EC9B-92EC-40B3-9545-1F428AD18E98}.Release|Android.Build.0 = Release|Any CPU
		{18E6EC9B-92EC-40B3-9545-1F428AD18E98}.Release|Any CPU.ActiveCfg = Release|Any CPU
		{18E6EC9B-92EC-40B3-9545-1F428AD18E98}.Release|Any CPU.Build.0 = Release|Any CPU
		{18E6EC9B-92EC-40B3-9545-1F428AD18E98}.Release|iOS.ActiveCfg = Release|Any CPU
		{18E6EC9B-92EC-40B3-9545-1F428AD18E98}.Release|iOS.Build.0 = Release|Any CPU
		{18E6EC9B-92EC-40B3-9545-1F428AD18E98}.Release|Windows-ARM.ActiveCfg = Release|Any CPU
		{18E6EC9B-92EC-40B3-9545-1F428AD18E98}.Release|Windows-ARM.Build.0 = Release|Any CPU
		{18E6EC9B-92EC-40B3-9545-1F428AD18E98}.Release|Windows-x64.ActiveCfg = Release|Any CPU
		{18E6EC9B-92EC-40B3-9545-1F428AD18E98}.Release|Windows-x64.Build.0 = Release|Any CPU
		{18E6EC9B-92EC-40B3-9545-1F428AD18E98}.Release|Windows-x86.ActiveCfg = Release|Any CPU
		{18E6EC9B-92EC-40B3-9545-1F428AD18E98}.Release|Windows-x86.Build.0 = Release|Any CPU
		{3B10E434-1A18-4819-8C9E-51550D43AC05}.Debug|Android.ActiveCfg = Debug|Android
		{3B10E434-1A18-4819-8C9E-51550D43AC05}.Debug|Android.Build.0 = Debug|Android
		{3B10E434-1A18-4819-8C9E-51550D43AC05}.Debug|Android.Deploy.0 = Debug|Android
		{3B10E434-1A18-4819-8C9E-51550D43AC05}.Debug|Any CPU.ActiveCfg = Debug|Android
		{3B10E434-1A18-4819-8C9E-51550D43AC05}.Debug|iOS.ActiveCfg = Debug|iOS
		{3B10E434-1A18-4819-8C9E-51550D43AC05}.Debug|iOS.Build.0 = Debug|iOS
		{3B10E434-1A18-4819-8C9E-51550D43AC05}.Debug|iOS.Deploy.0 = Debug|iOS
		{3B10E434-1A18-4819-8C9E-51550D43AC05}.Debug|Windows-ARM.ActiveCfg = Debug|Windows-ARM
		{3B10E434-1A18-4819-8C9E-51550D43AC05}.Debug|Windows-ARM.Build.0 = Debug|Windows-ARM
		{3B10E434-1A18-4819-8C9E-51550D43AC05}.Debug|Windows-ARM.Deploy.0 = Debug|Windows-ARM
		{3B10E434-1A18-4819-8C9E-51550D43AC05}.Debug|Windows-x64.ActiveCfg = Debug|Windows-x64
		{3B10E434-1A18-4819-8C9E-51550D43AC05}.Debug|Windows-x64.Build.0 = Debug|Windows-x64
		{3B10E434-1A18-4819-8C9E-51550D43AC05}.Debug|Windows-x64.Deploy.0 = Debug|Windows-x64
		{3B10E434-1A18-4819-8C9E-51550D43AC05}.Debug|Windows-x86.ActiveCfg = Debug|Windows-x86
		{3B10E434-1A18-4819-8C9E-51550D43AC05}.Debug|Windows-x86.Build.0 = Debug|Windows-x86
		{3B10E434-1A18-4819-8C9E-51550D43AC05}.Debug|Windows-x86.Deploy.0 = Debug|Windows-x86
		{3B10E434-1A18-4819-8C9E-51550D43AC05}.Release|Android.ActiveCfg = Release|Android
		{3B10E434-1A18-4819-8C9E-51550D43AC05}.Release|Android.Build.0 = Release|Android
		{3B10E434-1A18-4819-8C9E-51550D43AC05}.Release|Android.Deploy.0 = Release|Android
		{3B10E434-1A18-4819-8C9E-51550D43AC05}.Release|Any CPU.ActiveCfg = Release|Android
		{3B10E434-1A18-4819-8C9E-51550D43AC05}.Release|iOS.ActiveCfg = Release|iOS
		{3B10E434-1A18-4819-8C9E-51550D43AC05}.Release|iOS.Build.0 = Release|iOS
		{3B10E434-1A18-4819-8C9E-51550D43AC05}.Release|iOS.Deploy.0 = Release|iOS
		{3B10E434-1A18-4819-8C9E-51550D43AC05}.Release|Windows-ARM.ActiveCfg = Release|Windows-ARM
		{3B10E434-1A18-4819-8C9E-51550D43AC05}.Release|Windows-ARM.Build.0 = Release|Windows-ARM
		{3B10E434-1A18-4819-8C9E-51550D43AC05}.Release|Windows-ARM.Deploy.0 = Release|Windows-ARM
		{3B10E434-1A18-4819-8C9E-51550D43AC05}.Release|Windows-x64.ActiveCfg = Release|Windows-x64
		{3B10E434-1A18-4819-8C9E-51550D43AC05}.Release|Windows-x64.Build.0 = Release|Windows-x64
		{3B10E434-1A18-4819-8C9E-51550D43AC05}.Release|Windows-x64.Deploy.0 = Release|Windows-x64
		{3B10E434-1A18-4819-8C9E-51550D43AC05}.Release|Windows-x86.ActiveCfg = Release|Windows-x86
		{3B10E434-1A18-4819-8C9E-51550D43AC05}.Release|Windows-x86.Build.0 = Release|Windows-x86
		{3B10E434-1A18-4819-8C9E-51550D43AC05}.Release|Windows-x86.Deploy.0 = Release|Windows-x86
	EndGlobalSection
	GlobalSection(SolutionProperties) = preSolution
		HideSolutionNode = FALSE
	EndGlobalSection
EndGlobal
